
Microsoft Visual Studio Solution File, Format Version 12.00
# Visual Studio Version 16
VisualStudioVersion = 16.0.29926.136
MinimumVisualStudioVersion = 10.0.40219.1
Project("{FAE04EC0-301F-11D3-BF4B-00C04F79EFBC}") = "SignalR_ProgressStatusExample", "SignalR_ProgressStatusExample.csproj", "{B19E7067-DA19-49C6-B610-1B6CB56F004C}"
EndProject
Global
	GlobalSection(SolutionConfigurationPlatforms) = preSolution
		Debug|Any CPU = Debug|Any CPU
		Release|Any CPU = Release|Any CPU
	EndGlobalSection
	GlobalSection(ProjectConfigurationPlatforms) = postSolution
		{B19E7067-DA19-49C6-B610-1B6CB56F004C}.Debug|Any CPU.ActiveCfg = Debug|Any CPU
		{B19E7067-DA19-49C6-B610-1B6CB56F004C}.Debug|Any CPU.Build.0 = Debug|Any CPU
		{B19E7067-DA19-49C6-B610-1B6CB56F004C}.Release|Any CPU.ActiveCfg = Release|Any CPU
		{B19E7067-DA19-49C6-B610-1B6CB56F004C}.Release|Any CPU.Build.0 = Release|Any CPU
	EndGlobalSection
	GlobalSection(SolutionProperties) = preSolution
		HideSolutionNode = FALSE
	EndGlobalSection
	GlobalSection(ExtensibilityGlobals) = postSolution
		SolutionGuid = {1DE191CF-D226-45A0-BAE3-A2531DC786DF}
	EndGlobalSection
EndGlobal
